
Microsoft Visual Studio Solution File, Format Version 12.00
# Visual Studio 2012
Project("{8BC9CEB8-8B4A-11D0-8D11-00A0C91BC942}") = "week1", "week1\week1.vcxproj", "{C77727BA-172F-420A-80CC-A000D64B5ED5}"
EndProject
Project("{8BC9CEB8-8B4A-11D0-8D11-00A0C91BC942}") = "commons", "commons\commons.vcxproj", "{C30C0040-B20C-499D-9BCC-42462A1ADB74}"
EndProject
Project("{8BC9CEB8-8B4A-11D0-8D11-00A0C91BC942}") = "week2", "week2\week2.vcxproj", "{70A1F929-1921-4D75-A9D6-A94E26057EB3}"
EndProject
Project("{8BC9CEB8-8B4A-11D0-8D11-00A0C91BC942}") = "week3", "week3\week3.vcxproj", "{587351A3-2BAC-4AD0-9C39-D6612A2E9138}"
EndProject
Global
	GlobalSection(SolutionConfigurationPlatforms) = preSolution
		Debug|Win32 = Debug|Win32
		Release|Win32 = Release|Win32
	EndGlobalSection
	GlobalSection(ProjectConfigurationPlatforms) = postSolution
		{C77727BA-172F-420A-80CC-A000D64B5ED5}.Debug|Win32.ActiveCfg = Debug|Win32
		{C77727BA-172F-420A-80CC-A000D64B5ED5}.Debug|Win32.Build.0 = Debug|Win32
		{C77727BA-172F-420A-80CC-A000D64B5ED5}.Release|Win32.ActiveCfg = Release|Win32
		{C77727BA-172F-420A-80CC-A000D64B5ED5}.Release|Win32.Build.0 = Release|Win32
		{C30C0040-B20C-499D-9BCC-42462A1ADB74}.Debug|Win32.ActiveCfg = Debug|Win32
		{C30C0040-B20C-499D-9BCC-42462A1ADB74}.Debug|Win32.Build.0 = Debug|Win32
		{C30C0040-B20C-499D-9BCC-42462A1ADB74}.Release|Win32.ActiveCfg = Release|Win32
		{C30C0040-B20C-499D-9BCC-42462A1ADB74}.Release|Win32.Build.0 = Release|Win32
		{70A1F929-1921-4D75-A9D6-A94E26057EB3}.Debug|Win32.ActiveCfg = Debug|Win32
		{70A1F929-1921-4D75-A9D6-A94E26057EB3}.Debug|Win32.Build.0 = Debug|Win32
		{70A1F929-1921-4D75-A9D6-A94E26057EB3}.Release|Win32.ActiveCfg = Release|Win32
		{70A1F929-1921-4D75-A9D6-A94E26057EB3}.Release|Win32.Build.0 = Release|Win32
		{587351A3-2BAC-4AD0-9C39-D6612A2E9138}.Debug|Win32.ActiveCfg = Debug|Win32
		{587351A3-2BAC-4AD0-9C39-D6612A2E9138}.Debug|Win32.Build.0 = Debug|Win32
		{587351A3-2BAC-4AD0-9C39-D6612A2E9138}.Release|Win32.ActiveCfg = Release|Win32
		{587351A3-2BAC-4AD0-9C39-D6612A2E9138}.Release|Win32.Build.0 = Release|Win32
	EndGlobalSection
	GlobalSection(SolutionProperties) = preSolution
		HideSolutionNode = FALSE
	EndGlobalSection
EndGlobal
