<?xml version="1.0" encoding="utf-8"?>
<Project ToolsVersion="4.0" xmlns="http://schemas.microsoft.com/developer/msbuild/2003">
  <ItemGroup>
    <Filter Include="Source Files">
      <UniqueIdentifier>{4FC737F1-C7A5-4376-A066-2A32D752A2FF}</UniqueIdentifier>
      <Extensions>cpp;c;cc;cxx;def;odl;idl;hpj;bat;asm;asmx</Extensions>
    </Filter>
    <Filter Include="Header Files">
      <UniqueIdentifier>{93995380-89BD-4b04-88EB-625FBE52EBFB}</UniqueIdentifier>
      <Extensions>h;hpp;hxx;hm;inl;inc;xsd</Extensions>
    </Filter>
    <Filter Include="Resource Files">
      <UniqueIdentifier>{67DA6AB6-F800-4c08-8B7A-83BB121AAD01}</UniqueIdentifier>
      <Extensions>rc;ico;cur;bmp;dlg;rc2;rct;bin;rgs;gif;jpg;jpeg;jpe;resx;tiff;tif;png;wav;mfcribbon-ms</Extensions>
    </Filter>
    <Filter Include="Header Files\inc">
      <UniqueIdentifier>{21e6e96f-7852-4e63-93b2-a92c490870f0}</UniqueIdentifier>
    </Filter>
    <Filter Include="Header Files\inc\puzzles">
      <UniqueIdentifier>{f6c1c7a2-d5a7-4acc-8870-e1436af744df}</UniqueIdentifier>
    </Filter>
    <Filter Include="Header Files\inc\puzzles\8tiles">
      <UniqueIdentifier>{25d14f1d-3cc7-479c-a9f7-bec68626ba70}</UniqueIdentifier>
    </Filter>
    <Filter Include="Header Files\inc\queue">
      <UniqueIdentifier>{373196b8-4d68-4820-b1b1-4233ca4202d5}</UniqueIdentifier>
    </Filter>
    <Filter Include="Header Files\inc\tests">
      <UniqueIdentifier>{ec9aedfd-b2b9-491c-b5f5-4f102e8ac7c0}</UniqueIdentifier>
    </Filter>
  </ItemGroup>
  <ItemGroup>
    <ClCompile Include="Main.cpp">
      <Filter>Source Files</Filter>
    </ClCompile>
    <ClCompile Include="src\TestSuite.cpp">
      <Filter>Source Files</Filter>
    </ClCompile>
  </ItemGroup>
  <ItemGroup>
    <ClInclude Include="inc\tests\TestSuiteWeek4.h">
      <Filter>Header Files\inc\tests</Filter>
    </ClInclude>
    <ClInclude Include="inc\puzzles\8tiles\EightPuzzleAStarSearchEngine.h">
      <Filter>Header Files\inc\puzzles\8tiles</Filter>
    </ClInclude>
    <ClInclude Include="inc\puzzles\8tiles\EightPuzzleBestFirstSearchEngine.h">
      <Filter>Header Files\inc\puzzles\8tiles</Filter>
    </ClInclude>
    <ClInclude Include="inc\puzzles\8tiles\EightPuzzleHillClimbingSearchEngine.h">
      <Filter>Header Files\inc\puzzles\8tiles</Filter>
    </ClInclude>
    <ClInclude Include="inc\queue\PriorityQueue.h">
      <Filter>Header Files\inc\queue</Filter>
    </ClInclude>
  </ItemGroup>
</Project>