<?xml version="1.0" encoding="utf-8"?>
<Project ToolsVersion="4.0" xmlns="http://schemas.microsoft.com/developer/msbuild/2003">
  <ItemGroup>
    <Filter Include="Source Files">
      <UniqueIdentifier>{4FC737F1-C7A5-4376-A066-2A32D752A2FF}</UniqueIdentifier>
      <Extensions>cpp;c;cc;cxx;def;odl;idl;hpj;bat;asm;asmx</Extensions>
    </Filter>
    <Filter Include="Header Files">
      <UniqueIdentifier>{93995380-89BD-4b04-88EB-625FBE52EBFB}</UniqueIdentifier>
      <Extensions>h;hpp;hxx;hm;inl;inc;xsd</Extensions>
    </Filter>
    <Filter Include="Resource Files">
      <UniqueIdentifier>{67DA6AB6-F800-4c08-8B7A-83BB121AAD01}</UniqueIdentifier>
      <Extensions>rc;ico;cur;bmp;dlg;rc2;rct;bin;rgs;gif;jpg;jpeg;jpe;resx;tiff;tif;png;wav;mfcribbon-ms</Extensions>
    </Filter>
    <Filter Include="Header Files\tests">
      <UniqueIdentifier>{3b624067-fe49-4b5c-8817-b3c09015b3ac}</UniqueIdentifier>
    </Filter>
    <Filter Include="Header Files\integration">
      <UniqueIdentifier>{1ede9d94-fd19-4313-985b-b95715e1f512}</UniqueIdentifier>
    </Filter>
    <Filter Include="Header Files\functions">
      <UniqueIdentifier>{4848b2dd-8886-4618-8a19-3b162acdd3dc}</UniqueIdentifier>
    </Filter>
    <Filter Include="Header Files\geometry">
      <UniqueIdentifier>{a70c1b25-8bac-40e1-ac7e-36325cef38bf}</UniqueIdentifier>
    </Filter>
  </ItemGroup>
  <ItemGroup>
    <ClCompile Include="Main.cpp">
      <Filter>Source Files</Filter>
    </ClCompile>
    <ClCompile Include="src\TestSuite.cpp">
      <Filter>Source Files</Filter>
    </ClCompile>
  </ItemGroup>
  <ItemGroup>
    <ClInclude Include="inc\tests\TestSuiteWeek7.h">
      <Filter>Header Files\tests</Filter>
    </ClInclude>
    <ClInclude Include="inc\functions\ThirdFunctionWeek7.h">
      <Filter>Header Files\functions</Filter>
    </ClInclude>
    <ClInclude Include="inc\functions\SecondFunctionWeek7.h">
      <Filter>Header Files\functions</Filter>
    </ClInclude>
    <ClInclude Include="inc\functions\FirstFunctionWeek7.h">
      <Filter>Header Files\functions</Filter>
    </ClInclude>
    <ClInclude Include="inc\NumericalBounds.h">
      <Filter>Header Files</Filter>
    </ClInclude>
    <ClInclude Include="inc\integration\MonteCarloRule.h">
      <Filter>Header Files\integration</Filter>
    </ClInclude>
    <ClInclude Include="inc\geometry\ToroidVolumeCalculator.h">
      <Filter>Header Files\geometry</Filter>
    </ClInclude>
    <ClInclude Include="inc\functions\ToroidFunction.h">
      <Filter>Header Files\functions</Filter>
    </ClInclude>
  </ItemGroup>
</Project>