<?xml version="1.0" encoding="utf-8"?>
<Project ToolsVersion="4.0" xmlns="http://schemas.microsoft.com/developer/msbuild/2003">
  <ItemGroup>
    <Filter Include="Source Files">
      <UniqueIdentifier>{4FC737F1-C7A5-4376-A066-2A32D752A2FF}</UniqueIdentifier>
      <Extensions>cpp;c;cc;cxx;def;odl;idl;hpj;bat;asm;asmx</Extensions>
    </Filter>
    <Filter Include="Header Files">
      <UniqueIdentifier>{93995380-89BD-4b04-88EB-625FBE52EBFB}</UniqueIdentifier>
      <Extensions>h;hpp;hxx;hm;inl;inc;xsd</Extensions>
    </Filter>
    <Filter Include="Resource Files">
      <UniqueIdentifier>{67DA6AB6-F800-4c08-8B7A-83BB121AAD01}</UniqueIdentifier>
      <Extensions>rc;ico;cur;bmp;dlg;rc2;rct;bin;rgs;gif;jpg;jpeg;jpe;resx;tiff;tif;png;wav;mfcribbon-ms</Extensions>
    </Filter>
    <Filter Include="Header Files\tests">
      <UniqueIdentifier>{fdc8bbdb-50cc-4e21-abd1-750bb9c58d25}</UniqueIdentifier>
    </Filter>
    <Filter Include="Header Files\integration">
      <UniqueIdentifier>{fb12353d-eb33-4c13-991a-92f07ae5c5c6}</UniqueIdentifier>
    </Filter>
    <Filter Include="Header Files\functions">
      <UniqueIdentifier>{2103741c-0d8f-4d95-b9c4-f1ae349b10f5}</UniqueIdentifier>
    </Filter>
  </ItemGroup>
  <ItemGroup>
    <ClInclude Include="inc\tests\TestSuiteWeek6.h">
      <Filter>Header Files\tests</Filter>
    </ClInclude>
    <ClInclude Include="inc\integration\RectangleRule.h">
      <Filter>Header Files\integration</Filter>
    </ClInclude>
    <ClInclude Include="inc\integration\SimpsonRule.h">
      <Filter>Header Files\integration</Filter>
    </ClInclude>
    <ClInclude Include="inc\integration\TrapezoidalRule.h">
      <Filter>Header Files\integration</Filter>
    </ClInclude>
    <ClInclude Include="inc\functions\FirstFunction.h">
      <Filter>Header Files\functions</Filter>
    </ClInclude>
    <ClInclude Include="inc\functions\SecondFunction.h">
      <Filter>Header Files\functions</Filter>
    </ClInclude>
    <ClInclude Include="inc\functions\ThirdFunction.h">
      <Filter>Header Files\functions</Filter>
    </ClInclude>
    <ClInclude Include="inc\Function.h">
      <Filter>Header Files</Filter>
    </ClInclude>
    <ClInclude Include="inc\IntegrationRule.h">
      <Filter>Header Files</Filter>
    </ClInclude>
    <ClInclude Include="inc\integration\AdaptativeQuadrature.h">
      <Filter>Header Files\integration</Filter>
    </ClInclude>
  </ItemGroup>
  <ItemGroup>
    <ClCompile Include="Main.cpp">
      <Filter>Source Files</Filter>
    </ClCompile>
    <ClCompile Include="src\TestSuite.cpp">
      <Filter>Source Files</Filter>
    </ClCompile>
  </ItemGroup>
</Project>