
Microsoft Visual Studio Solution File, Format Version 12.00
# Visual Studio 2012
Project("{8BC9CEB8-8B4A-11D0-8D11-00A0C91BC942}") = "commons", "commons\commons.vcxproj", "{F5DB7EA8-13B9-4C20-8CB8-213328A9766E}"
EndProject
Project("{8BC9CEB8-8B4A-11D0-8D11-00A0C91BC942}") = "week1", "week1\week1.vcxproj", "{E10B20C8-DA7E-40F1-8DA5-51711E49949C}"
	ProjectSection(ProjectDependencies) = postProject
		{F5DB7EA8-13B9-4C20-8CB8-213328A9766E} = {F5DB7EA8-13B9-4C20-8CB8-213328A9766E}
	EndProjectSection
EndProject
Project("{8BC9CEB8-8B4A-11D0-8D11-00A0C91BC942}") = "week2", "week2\week2.vcxproj", "{AC73C7CC-DE6E-459D-846C-E423E1A18E58}"
EndProject
Project("{8BC9CEB8-8B4A-11D0-8D11-00A0C91BC942}") = "week3", "week3\week3.vcxproj", "{D26FA945-0CD0-464E-820D-AD92EFCFE415}"
EndProject
Project("{8BC9CEB8-8B4A-11D0-8D11-00A0C91BC942}") = "week4", "week4\week4.vcxproj", "{0F9D3854-3EAD-4D74-88D9-65F1F2C85D09}"
EndProject
Project("{8BC9CEB8-8B4A-11D0-8D11-00A0C91BC942}") = "week5", "week5\week5.vcxproj", "{87349E13-00B1-4858-8956-7F469F413C94}"
EndProject
Project("{8BC9CEB8-8B4A-11D0-8D11-00A0C91BC942}") = "week6", "week6\week6.vcxproj", "{790436FA-E20C-416E-A927-E2A2AFA3B12C}"
EndProject
Project("{8BC9CEB8-8B4A-11D0-8D11-00A0C91BC942}") = "week7", "week7\week7.vcxproj", "{2FD3D3D3-12DA-45C7-BD6D-CC741CBE6CB3}"
EndProject
Project("{8BC9CEB8-8B4A-11D0-8D11-00A0C91BC942}") = "week8", "week8\week8.vcxproj", "{9B1EF6AF-FAF7-4123-A0BD-D7A19EB3C34A}"
EndProject
Project("{8BC9CEB8-8B4A-11D0-8D11-00A0C91BC942}") = "week9", "week9\week9.vcxproj", "{09DC1B81-B16D-4689-AF9D-ACF7FCBC96F7}"
EndProject
Global
	GlobalSection(SolutionConfigurationPlatforms) = preSolution
		Debug|Win32 = Debug|Win32
		Release|Win32 = Release|Win32
	EndGlobalSection
	GlobalSection(ProjectConfigurationPlatforms) = postSolution
		{F5DB7EA8-13B9-4C20-8CB8-213328A9766E}.Debug|Win32.ActiveCfg = Debug|Win32
		{F5DB7EA8-13B9-4C20-8CB8-213328A9766E}.Debug|Win32.Build.0 = Debug|Win32
		{F5DB7EA8-13B9-4C20-8CB8-213328A9766E}.Release|Win32.ActiveCfg = Release|Win32
		{F5DB7EA8-13B9-4C20-8CB8-213328A9766E}.Release|Win32.Build.0 = Release|Win32
		{E10B20C8-DA7E-40F1-8DA5-51711E49949C}.Debug|Win32.ActiveCfg = Debug|Win32
		{E10B20C8-DA7E-40F1-8DA5-51711E49949C}.Debug|Win32.Build.0 = Debug|Win32
		{E10B20C8-DA7E-40F1-8DA5-51711E49949C}.Release|Win32.ActiveCfg = Release|Win32
		{E10B20C8-DA7E-40F1-8DA5-51711E49949C}.Release|Win32.Build.0 = Release|Win32
		{AC73C7CC-DE6E-459D-846C-E423E1A18E58}.Debug|Win32.ActiveCfg = Debug|Win32
		{AC73C7CC-DE6E-459D-846C-E423E1A18E58}.Debug|Win32.Build.0 = Debug|Win32
		{AC73C7CC-DE6E-459D-846C-E423E1A18E58}.Release|Win32.ActiveCfg = Release|Win32
		{AC73C7CC-DE6E-459D-846C-E423E1A18E58}.Release|Win32.Build.0 = Release|Win32
		{D26FA945-0CD0-464E-820D-AD92EFCFE415}.Debug|Win32.ActiveCfg = Debug|Win32
		{D26FA945-0CD0-464E-820D-AD92EFCFE415}.Debug|Win32.Build.0 = Debug|Win32
		{D26FA945-0CD0-464E-820D-AD92EFCFE415}.Release|Win32.ActiveCfg = Release|Win32
		{D26FA945-0CD0-464E-820D-AD92EFCFE415}.Release|Win32.Build.0 = Release|Win32
		{0F9D3854-3EAD-4D74-88D9-65F1F2C85D09}.Debug|Win32.ActiveCfg = Debug|Win32
		{0F9D3854-3EAD-4D74-88D9-65F1F2C85D09}.Debug|Win32.Build.0 = Debug|Win32
		{0F9D3854-3EAD-4D74-88D9-65F1F2C85D09}.Release|Win32.ActiveCfg = Release|Win32
		{0F9D3854-3EAD-4D74-88D9-65F1F2C85D09}.Release|Win32.Build.0 = Release|Win32
		{87349E13-00B1-4858-8956-7F469F413C94}.Debug|Win32.ActiveCfg = Debug|Win32
		{87349E13-00B1-4858-8956-7F469F413C94}.Debug|Win32.Build.0 = Debug|Win32
		{87349E13-00B1-4858-8956-7F469F413C94}.Release|Win32.ActiveCfg = Release|Win32
		{87349E13-00B1-4858-8956-7F469F413C94}.Release|Win32.Build.0 = Release|Win32
		{790436FA-E20C-416E-A927-E2A2AFA3B12C}.Debug|Win32.ActiveCfg = Debug|Win32
		{790436FA-E20C-416E-A927-E2A2AFA3B12C}.Debug|Win32.Build.0 = Debug|Win32
		{790436FA-E20C-416E-A927-E2A2AFA3B12C}.Release|Win32.ActiveCfg = Release|Win32
		{790436FA-E20C-416E-A927-E2A2AFA3B12C}.Release|Win32.Build.0 = Release|Win32
		{2FD3D3D3-12DA-45C7-BD6D-CC741CBE6CB3}.Debug|Win32.ActiveCfg = Debug|Win32
		{2FD3D3D3-12DA-45C7-BD6D-CC741CBE6CB3}.Debug|Win32.Build.0 = Debug|Win32
		{2FD3D3D3-12DA-45C7-BD6D-CC741CBE6CB3}.Release|Win32.ActiveCfg = Release|Win32
		{2FD3D3D3-12DA-45C7-BD6D-CC741CBE6CB3}.Release|Win32.Build.0 = Release|Win32
		{9B1EF6AF-FAF7-4123-A0BD-D7A19EB3C34A}.Debug|Win32.ActiveCfg = Debug|Win32
		{9B1EF6AF-FAF7-4123-A0BD-D7A19EB3C34A}.Debug|Win32.Build.0 = Debug|Win32
		{9B1EF6AF-FAF7-4123-A0BD-D7A19EB3C34A}.Release|Win32.ActiveCfg = Release|Win32
		{9B1EF6AF-FAF7-4123-A0BD-D7A19EB3C34A}.Release|Win32.Build.0 = Release|Win32
		{09DC1B81-B16D-4689-AF9D-ACF7FCBC96F7}.Debug|Win32.ActiveCfg = Debug|Win32
		{09DC1B81-B16D-4689-AF9D-ACF7FCBC96F7}.Debug|Win32.Build.0 = Debug|Win32
		{09DC1B81-B16D-4689-AF9D-ACF7FCBC96F7}.Release|Win32.ActiveCfg = Release|Win32
		{09DC1B81-B16D-4689-AF9D-ACF7FCBC96F7}.Release|Win32.Build.0 = Release|Win32
	EndGlobalSection
	GlobalSection(SolutionProperties) = preSolution
		HideSolutionNode = FALSE
	EndGlobalSection
EndGlobal
